# This file was autogenerated by Stack.
# You should not edit this file by hand.
# For more information, please see the documentation at:
#   https://docs.haskellstack.org/en/stable/lock_files

packages:
- completed:
    hackage: cron-0.7.1@sha256:fe138e48e7022be7f4f52c51768060eafb3d8f033b4fff65c0a9af78642c57b3,3878
    pantry-tree:
      sha256: 89e6863eae32246c4aa475a27100e92115c3b2919c7a765f45fe8ad08b802165
      size: 1680
  original:
    hackage: cron-0.7.1@sha256:fe138e48e7022be7f4f52c51768060eafb3d8f033b4fff65c0a9af78642c57b3,3878
- completed:
    hackage: telegram-bot-api-7.4@sha256:1990c94851bef9210d8f711fea8ea0003cc0ba72b6b79485936a994883e57857,11238
    pantry-tree:
      sha256: b08c1d5fd40619296ff15e96429f885ed19727c5aef9fc0d85143efc0f828ba6
      size: 19236
  original:
    hackage: telegram-bot-api-7.4@sha256:1990c94851bef9210d8f711fea8ea0003cc0ba72b6b79485936a994883e57857,11238
- completed:
    hackage: HDBC-sqlite3-2.3.3.1@sha256:5025fd94d02b9b3f0b8b8233796dd9a85a0b3dda6503c6e671e3eddbc51cb4d4,2424
    pantry-tree:
      sha256: 76e71f73502350ed3fe5fc64604a21a3c8027d49fe6846183d53dbdaf583437a
      size: 1427
  original:
    hackage: HDBC-sqlite3-2.3.3.1@sha256:5025fd94d02b9b3f0b8b8233796dd9a85a0b3dda6503c6e671e3eddbc51cb4d4,2424
- completed:
    hackage: parsec-3.1.17.0@sha256:8407cbd428d7f640a0fff8891bd2f7aca13cebe70a5e654856f8abec9a648b56,5149
    pantry-tree:
      sha256: 0922d72bd7115bbb590757bd92a827021dfe745ed6c0cd22856f767bee83d91f
      size: 2810
  original:
    hackage: parsec-3.1.17.0@sha256:8407cbd428d7f640a0fff8891bd2f7aca13cebe70a5e654856f8abec9a648b56,5149
- completed:
    hackage: telegram-bot-simple-0.14.1@sha256:3683652770965817f30822b38c6ea0c7dd343eb131252beb014988eda6b16b50,5644
    pantry-tree:
      sha256: e02c1715a5664f2c071db95c9ff49b2a71d6050a4f5384b6c28d6d403365a5e5
      size: 1374
  original:
    hackage: telegram-bot-simple-0.14.1@sha256:3683652770965817f30822b38c6ea0c7dd343eb131252beb014988eda6b16b50,5644
- completed:
    hackage: text-2.0.2@sha256:71b5fa8c64d3c1fd0a08f993463220867b08290a2256e94b0952bf0e8f5a45cc,9905
    pantry-tree:
      sha256: 25f3b6dd211e30f9e0ef5047bb9f30df7a9296cf1043873e31558196dfe78676
      size: 7514
  original:
    hackage: text-2.0.2@sha256:71b5fa8c64d3c1fd0a08f993463220867b08290a2256e94b0952bf0e8f5a45cc,9905
snapshots:
- completed:
    sha256: 417fa04a2ed8916cdae74c475ff97ac80857fed5000f19dce4f9564b5e635294
    size: 720000
    url: https://raw.githubusercontent.com/commercialhaskell/stackage-snapshots/master/lts/22/32.yaml
  original:
    url: https://raw.githubusercontent.com/commercialhaskell/stackage-snapshots/master/lts/22/32.yaml
