# This file was autogenerated by Stack.
# You should not edit this file by hand.
# For more information, please see the documentation at:
#   https://docs.haskellstack.org/en/stable/lock_files

packages:
- completed:
    commit: ed7169d2794e7f6b0639ce7c6629a028726e31bf
    git: https://github.com/fizruk/telegram-bot-simple.git
    name: telegram-bot-api
    pantry-tree:
      sha256: b08c1d5fd40619296ff15e96429f885ed19727c5aef9fc0d85143efc0f828ba6
      size: 19236
    subdir: telegram-bot-api
    version: '7.4'
  original:
    commit: ed7169d2794e7f6b0639ce7c6629a028726e31bf
    git: https://github.com/fizruk/telegram-bot-simple.git
    subdir: telegram-bot-api
- completed:
    commit: ed7169d2794e7f6b0639ce7c6629a028726e31bf
    git: https://github.com/fizruk/telegram-bot-simple.git
    name: telegram-bot-simple
    pantry-tree:
      sha256: 9ce87461051ee2c9abae029a9f9c26fcb3042bb5973bcf75ec3b39ff86bd7d8c
      size: 1789
    subdir: telegram-bot-simple
    version: 0.14.1
  original:
    commit: ed7169d2794e7f6b0639ce7c6629a028726e31bf
    git: https://github.com/fizruk/telegram-bot-simple.git
    subdir: telegram-bot-simple
- completed:
    commit: 5f5b662a1d7abc3951ea5a2a625bbf3e83f7a11a
    git: git@github.com:MichaelXavier/cron.git
    name: cron
    pantry-tree:
      sha256: 35668ccb5971639bc3a95ffd339bd016581354878eb3583853c42f0c710b4813
      size: 1927
    version: 0.7.0
  original:
    commit: 5f5b662a1d7abc3951ea5a2a625bbf3e83f7a11a
    git: git@github.com:MichaelXavier/cron.git
- completed:
    commit: 6446abb80d4bbc182bb1ea289c821594ca21ed25
    git: git@github.com:hdbc/hdbc-sqlite3.git
    name: HDBC-sqlite3
    pantry-tree:
      sha256: d677ab8607cc5b49e507f46f8b24759c4ffa415819d928c60fed7c5c9dd77bc2
      size: 1487
    version: 2.3.3.1
  original:
    commit: 6446abb80d4bbc182bb1ea289c821594ca21ed25
    git: git@github.com:hdbc/hdbc-sqlite3.git
snapshots:
- completed:
    sha256: 098936027eaa1ef14e2b8eb39d9933a973894bb70a68684a1bbf00730249879b
    size: 720001
    url: https://raw.githubusercontent.com/commercialhaskell/stackage-snapshots/master/lts/22/33.yaml
  original:
    url: https://raw.githubusercontent.com/commercialhaskell/stackage-snapshots/master/lts/22/33.yaml
