# This file was autogenerated by Stack.
# You should not edit this file by hand.
# For more information, please see the documentation at:
#   https://docs.haskellstack.org/en/stable/lock_files

packages:
- completed:
    commit: 88870623f2dec1a44535722e0aa4af9ae9ff07b3
    git: https://github.com/fizruk/telegram-bot-simple.git
    name: telegram-bot-api
    pantry-tree:
      sha256: 73f141f0371c10873fb3e5e2450a8021332d407ac819a8b53a0931e362625a14
      size: 19236
    subdir: telegram-bot-api
    version: '7.4'
  original:
    commit: 88870623f2dec1a44535722e0aa4af9ae9ff07b3
    git: https://github.com/fizruk/telegram-bot-simple.git
    subdir: telegram-bot-api
- completed:
    commit: 88870623f2dec1a44535722e0aa4af9ae9ff07b3
    git: https://github.com/fizruk/telegram-bot-simple.git
    name: telegram-bot-simple
    pantry-tree:
      sha256: ab419e8476dc010f88fc81b1962e91479384702d13bee9a027d18ede47241414
      size: 1789
    subdir: telegram-bot-simple
    version: 0.14.2
  original:
    commit: 88870623f2dec1a44535722e0aa4af9ae9ff07b3
    git: https://github.com/fizruk/telegram-bot-simple.git
    subdir: telegram-bot-simple
- completed:
    commit: 5f5b662a1d7abc3951ea5a2a625bbf3e83f7a11a
    git: git@github.com:MichaelXavier/cron.git
    name: cron
    pantry-tree:
      sha256: 35668ccb5971639bc3a95ffd339bd016581354878eb3583853c42f0c710b4813
      size: 1927
    version: 0.7.0
  original:
    commit: 5f5b662a1d7abc3951ea5a2a625bbf3e83f7a11a
    git: git@github.com:MichaelXavier/cron.git
- completed:
    commit: 6446abb80d4bbc182bb1ea289c821594ca21ed25
    git: git@github.com:hdbc/hdbc-sqlite3.git
    name: HDBC-sqlite3
    pantry-tree:
      sha256: d677ab8607cc5b49e507f46f8b24759c4ffa415819d928c60fed7c5c9dd77bc2
      size: 1487
    version: 2.3.3.1
  original:
    commit: 6446abb80d4bbc182bb1ea289c821594ca21ed25
    git: git@github.com:hdbc/hdbc-sqlite3.git
snapshots:
- completed:
    sha256: 098936027eaa1ef14e2b8eb39d9933a973894bb70a68684a1bbf00730249879b
    size: 720001
    url: https://raw.githubusercontent.com/commercialhaskell/stackage-snapshots/master/lts/22/33.yaml
  original:
    url: https://raw.githubusercontent.com/commercialhaskell/stackage-snapshots/master/lts/22/33.yaml
